
Microsoft Visual Studio Solution File, Format Version 11.00
# Visual Studio 2010
Project("{FAE04EC0-301F-11D3-BF4B-00C04F79EFBC}") = "VRCarnival", "Assembly-CSharp.csproj", "{98BE3894-E5F5-732E-3D98-7C58A2B147C6}"
EndProject
Project("{FAE04EC0-301F-11D3-BF4B-00C04F79EFBC}") = "VRCarnival", "Assembly-CSharp-Editor.csproj", "{E48AEE43-4750-35FD-4C21-9049EBA170E6}"
EndProject
Project("{B71AC833-5547-2337-46F8-96EA1077E837}") = "VRCarnival", "Assembly-UnityScript.unityproj", "{D1ACD67A-449C-5A4B-F132-EB316D257BF0}"
EndProject
Global
	GlobalSection(SolutionConfigurationPlatforms) = preSolution
		Debug|Any CPU = Debug|Any CPU
		Release|Any CPU = Release|Any CPU
	EndGlobalSection
	GlobalSection(ProjectConfigurationPlatforms) = postSolution
		{98BE3894-E5F5-732E-3D98-7C58A2B147C6}.Debug|Any CPU.ActiveCfg = Debug|Any CPU
		{98BE3894-E5F5-732E-3D98-7C58A2B147C6}.Debug|Any CPU.Build.0 = Debug|Any CPU
		{98BE3894-E5F5-732E-3D98-7C58A2B147C6}.Release|Any CPU.ActiveCfg = Release|Any CPU
		{98BE3894-E5F5-732E-3D98-7C58A2B147C6}.Release|Any CPU.Build.0 = Release|Any CPU
		{E48AEE43-4750-35FD-4C21-9049EBA170E6}.Debug|Any CPU.ActiveCfg = Debug|Any CPU
		{E48AEE43-4750-35FD-4C21-9049EBA170E6}.Debug|Any CPU.Build.0 = Debug|Any CPU
		{E48AEE43-4750-35FD-4C21-9049EBA170E6}.Release|Any CPU.ActiveCfg = Release|Any CPU
		{E48AEE43-4750-35FD-4C21-9049EBA170E6}.Release|Any CPU.Build.0 = Release|Any CPU
		{D1ACD67A-449C-5A4B-F132-EB316D257BF0}.Debug|Any CPU.ActiveCfg = Debug|Any CPU
		{D1ACD67A-449C-5A4B-F132-EB316D257BF0}.Debug|Any CPU.Build.0 = Debug|Any CPU
		{D1ACD67A-449C-5A4B-F132-EB316D257BF0}.Release|Any CPU.ActiveCfg = Release|Any CPU
		{D1ACD67A-449C-5A4B-F132-EB316D257BF0}.Release|Any CPU.Build.0 = Release|Any CPU
	EndGlobalSection
	GlobalSection(SolutionProperties) = preSolution
		HideSolutionNode = FALSE
	EndGlobalSection
	GlobalSection(MonoDevelopProperties) = preSolution
		StartupItem = Assembly-CSharp.csproj
	EndGlobalSection
EndGlobal
